
Microsoft Visual Studio Solution File, Format Version 12.00
# Visual Studio Version 17
VisualStudioVersion = 17.10.35004.147
MinimumVisualStudioVersion = 10.0.40219.1
Project("{9A19103F-16F7-4668-BE54-9A1E7A4F7556}") = "Digident_Group3", "Digident_Group3.csproj", "{4C5F08CE-AD3B-47E1-925A-1B244F70733E}"
EndProject
Project("{9A19103F-16F7-4668-BE54-9A1E7A4F7556}") = "DigidentTest_Group3", "..\..\..\Downloads\DigidentTest_Group3\DigidentTest_Group3\DigidentTest_Group3.csproj", "{AADE7266-4838-4BA0-BAC2-0CBED1B429BE}"
EndProject
Project("{FAE04EC0-301F-11D3-BF4B-00C04F79EFBC}") = "Backend", "..\Backend\Backend.csproj", "{0268CB8A-A17F-4B3E-875F-3B4D578FC604}"
EndProject
Project("{9A19103F-16F7-4668-BE54-9A1E7A4F7556}") = "Digidentapp", "..\..\..\Downloads\Digidentapp-master (1)\Digidentapp-master\Digidentapp.csproj", "{2377DB66-3C35-41EF-88CC-C70266BF9527}"
EndProject
Global
	GlobalSection(SolutionConfigurationPlatforms) = preSolution
		Debug|Any CPU = Debug|Any CPU
		Release|Any CPU = Release|Any CPU
	EndGlobalSection
	GlobalSection(ProjectConfigurationPlatforms) = postSolution
		{4C5F08CE-AD3B-47E1-925A-1B244F70733E}.Debug|Any CPU.ActiveCfg = Debug|Any CPU
		{4C5F08CE-AD3B-47E1-925A-1B244F70733E}.Debug|Any CPU.Build.0 = Debug|Any CPU
		{4C5F08CE-AD3B-47E1-925A-1B244F70733E}.Release|Any CPU.ActiveCfg = Release|Any CPU
		{4C5F08CE-AD3B-47E1-925A-1B244F70733E}.Release|Any CPU.Build.0 = Release|Any CPU
		{AADE7266-4838-4BA0-BAC2-0CBED1B429BE}.Debug|Any CPU.ActiveCfg = Debug|Any CPU
		{AADE7266-4838-4BA0-BAC2-0CBED1B429BE}.Debug|Any CPU.Build.0 = Debug|Any CPU
		{AADE7266-4838-4BA0-BAC2-0CBED1B429BE}.Release|Any CPU.ActiveCfg = Release|Any CPU
		{AADE7266-4838-4BA0-BAC2-0CBED1B429BE}.Release|Any CPU.Build.0 = Release|Any CPU
		{0268CB8A-A17F-4B3E-875F-3B4D578FC604}.Debug|Any CPU.ActiveCfg = Debug|Any CPU
		{0268CB8A-A17F-4B3E-875F-3B4D578FC604}.Debug|Any CPU.Build.0 = Debug|Any CPU
		{0268CB8A-A17F-4B3E-875F-3B4D578FC604}.Release|Any CPU.ActiveCfg = Release|Any CPU
		{0268CB8A-A17F-4B3E-875F-3B4D578FC604}.Release|Any CPU.Build.0 = Release|Any CPU
		{2377DB66-3C35-41EF-88CC-C70266BF9527}.Debug|Any CPU.ActiveCfg = Debug|Any CPU
		{2377DB66-3C35-41EF-88CC-C70266BF9527}.Debug|Any CPU.Build.0 = Debug|Any CPU
		{2377DB66-3C35-41EF-88CC-C70266BF9527}.Release|Any CPU.ActiveCfg = Release|Any CPU
		{2377DB66-3C35-41EF-88CC-C70266BF9527}.Release|Any CPU.Build.0 = Release|Any CPU
	EndGlobalSection
	GlobalSection(SolutionProperties) = preSolution
		HideSolutionNode = FALSE
	EndGlobalSection
	GlobalSection(ExtensibilityGlobals) = postSolution
		SolutionGuid = {CEECE060-C43E-49E1-AC59-01530EE7E16F}
	EndGlobalSection
EndGlobal
